
Microsoft Visual Studio Solution File, Format Version 12.00
# Visual Studio 15
VisualStudioVersion = 15.0.28307.1267
MinimumVisualStudioVersion = 10.0.40219.1
Project("{FAE04EC0-301F-11D3-BF4B-00C04F79EFBC}") = "ConsoleAdo", "ConsoleAdo\ConsoleAdo.csproj", "{55589CBD-604F-4F2D-9A5D-911A340AE020}"
EndProject
Global
	GlobalSection(SolutionConfigurationPlatforms) = preSolution
		Debug|Any CPU = Debug|Any CPU
		Release|Any CPU = Release|Any CPU
	EndGlobalSection
	GlobalSection(ProjectConfigurationPlatforms) = postSolution
		{55589CBD-604F-4F2D-9A5D-911A340AE020}.Debug|Any CPU.ActiveCfg = Debug|Any CPU
		{55589CBD-604F-4F2D-9A5D-911A340AE020}.Debug|Any CPU.Build.0 = Debug|Any CPU
		{55589CBD-604F-4F2D-9A5D-911A340AE020}.Release|Any CPU.ActiveCfg = Release|Any CPU
		{55589CBD-604F-4F2D-9A5D-911A340AE020}.Release|Any CPU.Build.0 = Release|Any CPU
	EndGlobalSection
	GlobalSection(SolutionProperties) = preSolution
		HideSolutionNode = FALSE
	EndGlobalSection
	GlobalSection(ExtensibilityGlobals) = postSolution
		SolutionGuid = {97B32990-485F-4D11-AA9B-18C02CE5FFD2}
	EndGlobalSection
EndGlobal
