
Microsoft Visual Studio Solution File, Format Version 12.00
# Visual Studio 15
VisualStudioVersion = 15.0.28307.1267
MinimumVisualStudioVersion = 10.0.40219.1
Project("{FAE04EC0-301F-11D3-BF4B-00C04F79EFBC}") = "AdoNetStart", "AdoNetStart\AdoNetStart.csproj", "{AB367922-C338-4B49-872F-1A8A580FDD51}"
EndProject
Global
	GlobalSection(SolutionConfigurationPlatforms) = preSolution
		Debug|Any CPU = Debug|Any CPU
		Release|Any CPU = Release|Any CPU
	EndGlobalSection
	GlobalSection(ProjectConfigurationPlatforms) = postSolution
		{AB367922-C338-4B49-872F-1A8A580FDD51}.Debug|Any CPU.ActiveCfg = Debug|Any CPU
		{AB367922-C338-4B49-872F-1A8A580FDD51}.Debug|Any CPU.Build.0 = Debug|Any CPU
		{AB367922-C338-4B49-872F-1A8A580FDD51}.Release|Any CPU.ActiveCfg = Release|Any CPU
		{AB367922-C338-4B49-872F-1A8A580FDD51}.Release|Any CPU.Build.0 = Release|Any CPU
	EndGlobalSection
	GlobalSection(SolutionProperties) = preSolution
		HideSolutionNode = FALSE
	EndGlobalSection
	GlobalSection(ExtensibilityGlobals) = postSolution
		SolutionGuid = {35399DD3-4297-4BAB-AB3C-6EB4F7543155}
	EndGlobalSection
EndGlobal
